
Microsoft Visual Studio Solution File, Format Version 12.00
# Visual Studio 2012
Project("{FAE04EC0-301F-11D3-BF4B-00C04F79EFBC}") = "Database", "Database\Database.csproj", "{A66DB31B-BEA7-4EB2-80A5-D1959839E187}"
EndProject
Project("{FAE04EC0-301F-11D3-BF4B-00C04F79EFBC}") = "Web", "Web\Web.csproj", "{A60E938C-95D8-49B8-B9FC-A7C7253CBC9D}"
EndProject
Global
	GlobalSection(SolutionConfigurationPlatforms) = preSolution
		Debug|Any CPU = Debug|Any CPU
		Release|Any CPU = Release|Any CPU
	EndGlobalSection
	GlobalSection(ProjectConfigurationPlatforms) = postSolution
		{A66DB31B-BEA7-4EB2-80A5-D1959839E187}.Debug|Any CPU.ActiveCfg = Debug|Any CPU
		{A66DB31B-BEA7-4EB2-80A5-D1959839E187}.Debug|Any CPU.Build.0 = Debug|Any CPU
		{A66DB31B-BEA7-4EB2-80A5-D1959839E187}.Release|Any CPU.ActiveCfg = Release|Any CPU
		{A66DB31B-BEA7-4EB2-80A5-D1959839E187}.Release|Any CPU.Build.0 = Release|Any CPU
		{A60E938C-95D8-49B8-B9FC-A7C7253CBC9D}.Debug|Any CPU.ActiveCfg = Debug|Any CPU
		{A60E938C-95D8-49B8-B9FC-A7C7253CBC9D}.Debug|Any CPU.Build.0 = Debug|Any CPU
		{A60E938C-95D8-49B8-B9FC-A7C7253CBC9D}.Release|Any CPU.ActiveCfg = Release|Any CPU
		{A60E938C-95D8-49B8-B9FC-A7C7253CBC9D}.Release|Any CPU.Build.0 = Release|Any CPU
	EndGlobalSection
	GlobalSection(SolutionProperties) = preSolution
		HideSolutionNode = FALSE
	EndGlobalSection
EndGlobal
